
Microsoft Visual Studio Solution File, Format Version 12.00
# Visual Studio 14
VisualStudioVersion = 14.0.25123.0
MinimumVisualStudioVersion = 10.0.40219.1
Project("{FAE04EC0-301F-11D3-BF4B-00C04F79EFBC}") = "WindowsFormsApplication1", "WindowsFormsApplication1\WindowsFormsApplication1.csproj", "{868F7A4D-F69F-45A1-8707-8A7EDF9BD9D8}"
EndProject
Project("{FAE04EC0-301F-11D3-BF4B-00C04F79EFBC}") = "ClassLibrary1", "ClassLibrary1\ClassLibrary1.csproj", "{859C1F83-53F4-4B9D-9508-28049CECFC41}"
EndProject
Global
	GlobalSection(SolutionConfigurationPlatforms) = preSolution
		Debug|Any CPU = Debug|Any CPU
		Release|Any CPU = Release|Any CPU
	EndGlobalSection
	GlobalSection(ProjectConfigurationPlatforms) = postSolution
		{868F7A4D-F69F-45A1-8707-8A7EDF9BD9D8}.Debug|Any CPU.ActiveCfg = Debug|Any CPU
		{868F7A4D-F69F-45A1-8707-8A7EDF9BD9D8}.Debug|Any CPU.Build.0 = Debug|Any CPU
		{868F7A4D-F69F-45A1-8707-8A7EDF9BD9D8}.Release|Any CPU.ActiveCfg = Release|Any CPU
		{868F7A4D-F69F-45A1-8707-8A7EDF9BD9D8}.Release|Any CPU.Build.0 = Release|Any CPU
		{859C1F83-53F4-4B9D-9508-28049CECFC41}.Debug|Any CPU.ActiveCfg = Debug|Any CPU
		{859C1F83-53F4-4B9D-9508-28049CECFC41}.Debug|Any CPU.Build.0 = Debug|Any CPU
		{859C1F83-53F4-4B9D-9508-28049CECFC41}.Release|Any CPU.ActiveCfg = Release|Any CPU
		{859C1F83-53F4-4B9D-9508-28049CECFC41}.Release|Any CPU.Build.0 = Release|Any CPU
	EndGlobalSection
	GlobalSection(SolutionProperties) = preSolution
		HideSolutionNode = FALSE
	EndGlobalSection
EndGlobal
